
Microsoft Visual Studio Solution File, Format Version 12.00
# Visual Studio Version 16
VisualStudioVersion = 16.0.30204.135
MinimumVisualStudioVersion = 10.0.40219.1
Project("{9A19103F-16F7-4668-BE54-9A1E7A4F7556}") = "StockAnalyzer.Core", "StockAnalyzer.Core\StockAnalyzer.Core.csproj", "{3BD5A8D7-2DCC-47A3-AA57-4D6098198107}"
EndProject
Project("{9A19103F-16F7-4668-BE54-9A1E7A4F7556}") = "StockAnalyzer.Infrastructure", "StockAnalyzer.Infrastructure\StockAnalyzer.Infrastructure.csproj", "{21EEBE0C-D5DF-49F5-96A6-7BA46CC16925}"
EndProject
Project("{9A19103F-16F7-4668-BE54-9A1E7A4F7556}") = "StockAnalyzer.IntegrationTests", "StockAnalyzer.IntegrationTests\StockAnalyzer.IntegrationTests.csproj", "{1851275C-BA29-4025-8818-66D1BE12AEBA}"
EndProject
Project("{FAE04EC0-301F-11D3-BF4B-00C04F79EFBC}") = "StockAnalyzer.UnitTests", "StockAnalyzer.UnitTests\StockAnalyzer.UnitTests.csproj", "{FDE33FED-563F-4398-8AAC-3A0CAFB01DEA}"
EndProject
Global
	GlobalSection(SolutionConfigurationPlatforms) = preSolution
		Debug|Any CPU = Debug|Any CPU
		Release|Any CPU = Release|Any CPU
	EndGlobalSection
	GlobalSection(ProjectConfigurationPlatforms) = postSolution
		{3BD5A8D7-2DCC-47A3-AA57-4D6098198107}.Debug|Any CPU.ActiveCfg = Debug|Any CPU
		{3BD5A8D7-2DCC-47A3-AA57-4D6098198107}.Debug|Any CPU.Build.0 = Debug|Any CPU
		{3BD5A8D7-2DCC-47A3-AA57-4D6098198107}.Release|Any CPU.ActiveCfg = Release|Any CPU
		{3BD5A8D7-2DCC-47A3-AA57-4D6098198107}.Release|Any CPU.Build.0 = Release|Any CPU
		{21EEBE0C-D5DF-49F5-96A6-7BA46CC16925}.Debug|Any CPU.ActiveCfg = Debug|Any CPU
		{21EEBE0C-D5DF-49F5-96A6-7BA46CC16925}.Debug|Any CPU.Build.0 = Debug|Any CPU
		{21EEBE0C-D5DF-49F5-96A6-7BA46CC16925}.Release|Any CPU.ActiveCfg = Release|Any CPU
		{21EEBE0C-D5DF-49F5-96A6-7BA46CC16925}.Release|Any CPU.Build.0 = Release|Any CPU
		{1851275C-BA29-4025-8818-66D1BE12AEBA}.Debug|Any CPU.ActiveCfg = Debug|Any CPU
		{1851275C-BA29-4025-8818-66D1BE12AEBA}.Debug|Any CPU.Build.0 = Debug|Any CPU
		{1851275C-BA29-4025-8818-66D1BE12AEBA}.Release|Any CPU.ActiveCfg = Release|Any CPU
		{1851275C-BA29-4025-8818-66D1BE12AEBA}.Release|Any CPU.Build.0 = Release|Any CPU
		{FDE33FED-563F-4398-8AAC-3A0CAFB01DEA}.Debug|Any CPU.ActiveCfg = Debug|Any CPU
		{FDE33FED-563F-4398-8AAC-3A0CAFB01DEA}.Debug|Any CPU.Build.0 = Debug|Any CPU
		{FDE33FED-563F-4398-8AAC-3A0CAFB01DEA}.Release|Any CPU.ActiveCfg = Release|Any CPU
		{FDE33FED-563F-4398-8AAC-3A0CAFB01DEA}.Release|Any CPU.Build.0 = Release|Any CPU
	EndGlobalSection
	GlobalSection(SolutionProperties) = preSolution
		HideSolutionNode = FALSE
	EndGlobalSection
	GlobalSection(ExtensibilityGlobals) = postSolution
		SolutionGuid = {2BB3A0EA-C9DC-463E-8068-59F8034A651D}
	EndGlobalSection
EndGlobal
